github.com/disintegration/imaging v1.4.2 h1:BSVxoYQ2NfLdvIGCDD8GHgBV5K0FCEsc0d/6FxQII3I=
github.com/disintegration/imaging v1.4.2/go.mod h1:9B/deIUIrliYkyMTuXJd6OUFLcrZ2tf+3Qlwnaf/CjU=
github.com/esimov/stackblur-go v1.0.0 h1:PuXWrQ16VIh6Di+tn3CpKAyzkIIECo9DPGVecrzyDGc=
github.com/esimov/stackblur-go v1.0.0/go.mod h1:a3zzeKuJKUpCcReHmEsuPaEnq42D2b/bHoCI8UjIuMY=
golang.org/x/image v0.0.0-20180601115456-af66defab954 h1:n7UB+yxe5jyWxOA3BTAfwi23lhfKEIddaB/so7YOYe0=
golang.org/x/image v0.0.0-20180601115456-af66defab954/go.mod h1:ux5Hcp/YLpHSI86hEcLt0YII63i6oz57MZXIpbrjZUs=
