# This file is autogenerated, do not edit; changes may be undone by the next 'dep ensure'.


[[projects]]
  name = "github.com/disintegration/imaging"
  packages = ["."]
  revision = "b085d8f4ea6f229d5fe9c273aa008c3e39b4e324"
  version = "v1.2.3"

[[projects]]
  name = "github.com/esimov/stackblur-go"
  packages = ["."]
  revision = "5a0293242e78c92ddb60bea7978f04317e9a8cd9"
  version = "v1.0.0"

[[projects]]
  branch = "master"
  name = "golang.org/x/image"
  packages = ["bmp","tiff","tiff/lzw"]
  revision = "f7e31b4ea2e3413ab91b4e7d2dc83e5f8d19a44c"

[solve-meta]
  analyzer-name = "dep"
  analyzer-version = 1
  inputs-digest = "aa4695dda82fc8764f93f5f15fcce682668146d7387270b3e41048397a1aa00e"
  solver-name = "gps-cdcl"
  solver-version = 1
