# This file is autogenerated, do not edit; changes may be undone by the next 'dep ensure'.


[[projects]]
  name = "github.com/disintegration/imaging"
  packages = ["."]
  revision = "bbcee2f5c9d5e94ca42c8b50ec847fec64a6c134"
  version = "v1.4.2"

[[projects]]
  branch = "master"
  name = "github.com/esimov/stackblur-go"
  packages = ["."]
  revision = "5587ef424f8b2e55b337a6b4a3dc22d4bdefdcb4"

[[projects]]
  branch = "master"
  name = "golang.org/x/image"
  packages = [
    "bmp",
    "tiff",
    "tiff/lzw"
  ]
  revision = "af66defab954cb421ca110193eed9477c8541e2a"

[solve-meta]
  analyzer-name = "dep"
  analyzer-version = 1
  inputs-digest = "ad8b089089eb671ca9c4cb45b48aa65691d77750cde96c1d2c23d311081ddeff"
  solver-name = "gps-cdcl"
  solver-version = 1
